
Microsoft Visual Studio Solution File, Format Version 12.00
# Visual Studio Version 17
VisualStudioVersion = 17.6.33829.357
MinimumVisualStudioVersion = 10.0.40219.1
Project("{FAE04EC0-301F-11D3-BF4B-00C04F79EFBC}") = "16_12_2023", "16_12_2023\16_12_2023.csproj", "{7F09E07C-CD0B-4FA1-BF0B-F8AC2BAD58BE}"
EndProject
Global
	GlobalSection(SolutionConfigurationPlatforms) = preSolution
		Debug|Any CPU = Debug|Any CPU
		Release|Any CPU = Release|Any CPU
	EndGlobalSection
	GlobalSection(ProjectConfigurationPlatforms) = postSolution
		{7F09E07C-CD0B-4FA1-BF0B-F8AC2BAD58BE}.Debug|Any CPU.ActiveCfg = Debug|Any CPU
		{7F09E07C-CD0B-4FA1-BF0B-F8AC2BAD58BE}.Debug|Any CPU.Build.0 = Debug|Any CPU
		{7F09E07C-CD0B-4FA1-BF0B-F8AC2BAD58BE}.Release|Any CPU.ActiveCfg = Release|Any CPU
		{7F09E07C-CD0B-4FA1-BF0B-F8AC2BAD58BE}.Release|Any CPU.Build.0 = Release|Any CPU
	EndGlobalSection
	GlobalSection(SolutionProperties) = preSolution
		HideSolutionNode = FALSE
	EndGlobalSection
	GlobalSection(ExtensibilityGlobals) = postSolution
		SolutionGuid = {1A31FA56-98A7-4B80-AE41-9FF613683B69}
	EndGlobalSection
EndGlobal
